Microsoft Visual Studio Solution File, Format Version 12.00
# Visual Studio 2012
Project("{FAE04EC0-301F-11D3-BF4B-00C04F79EFBC}") = "Client", "Client.csproj", "{07A01F08-85E1-4993-9FC8-634F47FD2648}"
EndProject
Project("{FAE04EC0-301F-11D3-BF4B-00C04F79EFBC}") = "common_cs", "..\common\common_cs\common_cs.csproj", "{27BF48BF-741A-426C-9AA7-EB11B3E469DD}"
EndProject
Global
	GlobalSection(SolutionConfigurationPlatforms) = preSolution
		Debug|Any CPU = Debug|Any CPU
		ExportDebug|Any CPU = ExportDebug|Any CPU
		ExportRelease|Any CPU = ExportRelease|Any CPU
	EndGlobalSection
	GlobalSection(ProjectConfigurationPlatforms) = postSolution
		{07A01F08-85E1-4993-9FC8-634F47FD2648}.Debug|Any CPU.ActiveCfg = Debug|Any CPU
		{07A01F08-85E1-4993-9FC8-634F47FD2648}.Debug|Any CPU.Build.0 = Debug|Any CPU
		{07A01F08-85E1-4993-9FC8-634F47FD2648}.ExportDebug|Any CPU.ActiveCfg = ExportDebug|Any CPU
		{07A01F08-85E1-4993-9FC8-634F47FD2648}.ExportDebug|Any CPU.Build.0 = ExportDebug|Any CPU
		{07A01F08-85E1-4993-9FC8-634F47FD2648}.ExportRelease|Any CPU.ActiveCfg = ExportRelease|Any CPU
		{07A01F08-85E1-4993-9FC8-634F47FD2648}.ExportRelease|Any CPU.Build.0 = ExportRelease|Any CPU
		{27BF48BF-741A-426C-9AA7-EB11B3E469DD}.Debug|Any CPU.ActiveCfg = Debug|Any CPU
		{27BF48BF-741A-426C-9AA7-EB11B3E469DD}.Debug|Any CPU.Build.0 = Debug|Any CPU
		{27BF48BF-741A-426C-9AA7-EB11B3E469DD}.ExportDebug|Any CPU.ActiveCfg = Debug|Any CPU
		{27BF48BF-741A-426C-9AA7-EB11B3E469DD}.ExportDebug|Any CPU.Build.0 = Debug|Any CPU
		{27BF48BF-741A-426C-9AA7-EB11B3E469DD}.ExportRelease|Any CPU.ActiveCfg = Debug|Any CPU
		{27BF48BF-741A-426C-9AA7-EB11B3E469DD}.ExportRelease|Any CPU.Build.0 = Debug|Any CPU
	EndGlobalSection
EndGlobal
